
Microsoft Visual Studio Solution File, Format Version 12.00
# Visual Studio Version 16
VisualStudioVersion = 16.0.31321.278
MinimumVisualStudioVersion = 10.0.40219.1
Project("{FAE04EC0-301F-11D3-BF4B-00C04F79EFBC}") = "Ich.Saas.Core", "Ich.Saas.Core\Ich.Saas.Core.csproj", "{882174EE-483A-43EA-861E-0FBF3ECBF0C0}"
EndProject
Global
	GlobalSection(SolutionConfigurationPlatforms) = preSolution
		Debug|Any CPU = Debug|Any CPU
		Release|Any CPU = Release|Any CPU
	EndGlobalSection
	GlobalSection(ProjectConfigurationPlatforms) = postSolution
		{882174EE-483A-43EA-861E-0FBF3ECBF0C0}.Debug|Any CPU.ActiveCfg = Debug|Any CPU
		{882174EE-483A-43EA-861E-0FBF3ECBF0C0}.Debug|Any CPU.Build.0 = Debug|Any CPU
		{882174EE-483A-43EA-861E-0FBF3ECBF0C0}.Release|Any CPU.ActiveCfg = Release|Any CPU
		{882174EE-483A-43EA-861E-0FBF3ECBF0C0}.Release|Any CPU.Build.0 = Release|Any CPU
	EndGlobalSection
	GlobalSection(SolutionProperties) = preSolution
		HideSolutionNode = FALSE
	EndGlobalSection
	GlobalSection(ExtensibilityGlobals) = postSolution
		SolutionGuid = {D6C088C3-4BE7-41D2-89F3-45E6FFC2C881}
	EndGlobalSection
EndGlobal
